
Microsoft Visual Studio Solution File, Format Version 12.00
# Visual Studio Version 17
VisualStudioVersion = 17.8.34330.188
MinimumVisualStudioVersion = 10.0.40219.1
Project("{FAE04EC0-301F-11D3-BF4B-00C04F79EFBC}") = "Fabook", "Fabook\Fabook.csproj", "{73E10A7D-05BA-48E6-BDF6-796DEBCCDDE8}"
EndProject
Global
	GlobalSection(SolutionConfigurationPlatforms) = preSolution
		Debug|Any CPU = Debug|Any CPU
		Release|Any CPU = Release|Any CPU
	EndGlobalSection
	GlobalSection(ProjectConfigurationPlatforms) = postSolution
		{73E10A7D-05BA-48E6-BDF6-796DEBCCDDE8}.Debug|Any CPU.ActiveCfg = Debug|Any CPU
		{73E10A7D-05BA-48E6-BDF6-796DEBCCDDE8}.Debug|Any CPU.Build.0 = Debug|Any CPU
		{73E10A7D-05BA-48E6-BDF6-796DEBCCDDE8}.Release|Any CPU.ActiveCfg = Release|Any CPU
		{73E10A7D-05BA-48E6-BDF6-796DEBCCDDE8}.Release|Any CPU.Build.0 = Release|Any CPU
	EndGlobalSection
	GlobalSection(SolutionProperties) = preSolution
		HideSolutionNode = FALSE
	EndGlobalSection
	GlobalSection(ExtensibilityGlobals) = postSolution
		SolutionGuid = {5D5C4184-3BCA-4D0B-BDBE-5770C4C20961}
	EndGlobalSection
EndGlobal
